
Microsoft Visual Studio Solution File, Format Version 12.00
# Visual Studio Version 17
VisualStudioVersion = 17.7.34031.279
MinimumVisualStudioVersion = 10.0.40219.1
Project("{9A19103F-16F7-4668-BE54-9A1E7A4F7556}") = "PoC.BlobTriggerDurable.Failover", "PoC.BlobTriggerDurable.Failover\PoC.BlobTriggerDurable.Failover.csproj", "{AC19551F-50EC-4493-9FFC-26B852DEB2BE}"
EndProject
Project("{FAE04EC0-301F-11D3-BF4B-00C04F79EFBC}") = "PoC.BlobTriggerDurable.DataProducer", "PoC.BlobTriggerDurable.DataProducer\PoC.BlobTriggerDurable.DataProducer.csproj", "{C2526BCB-DFCC-4487-A8ED-AFAE83C0B5E8}"
EndProject
Global
	GlobalSection(SolutionConfigurationPlatforms) = preSolution
		Debug|Any CPU = Debug|Any CPU
		Release|Any CPU = Release|Any CPU
	EndGlobalSection
	GlobalSection(ProjectConfigurationPlatforms) = postSolution
		{AC19551F-50EC-4493-9FFC-26B852DEB2BE}.Debug|Any CPU.ActiveCfg = Debug|Any CPU
		{AC19551F-50EC-4493-9FFC-26B852DEB2BE}.Debug|Any CPU.Build.0 = Debug|Any CPU
		{AC19551F-50EC-4493-9FFC-26B852DEB2BE}.Release|Any CPU.ActiveCfg = Release|Any CPU
		{AC19551F-50EC-4493-9FFC-26B852DEB2BE}.Release|Any CPU.Build.0 = Release|Any CPU
		{C2526BCB-DFCC-4487-A8ED-AFAE83C0B5E8}.Debug|Any CPU.ActiveCfg = Debug|Any CPU
		{C2526BCB-DFCC-4487-A8ED-AFAE83C0B5E8}.Debug|Any CPU.Build.0 = Debug|Any CPU
		{C2526BCB-DFCC-4487-A8ED-AFAE83C0B5E8}.Release|Any CPU.ActiveCfg = Release|Any CPU
		{C2526BCB-DFCC-4487-A8ED-AFAE83C0B5E8}.Release|Any CPU.Build.0 = Release|Any CPU
	EndGlobalSection
	GlobalSection(SolutionProperties) = preSolution
		HideSolutionNode = FALSE
	EndGlobalSection
	GlobalSection(ExtensibilityGlobals) = postSolution
		SolutionGuid = {8BEA9DF2-BCF0-4D18-9CB8-728B6ACEAB43}
	EndGlobalSection
EndGlobal
